
Microsoft Visual Studio Solution File, Format Version 12.00
# Visual Studio Version 17
VisualStudioVersion = 17.7.34221.43
MinimumVisualStudioVersion = 10.0.40219.1
Project("{FAE04EC0-301F-11D3-BF4B-00C04F79EFBC}") = "Betacast-bot", "Betacast-bot\Betacast-bot.csproj", "{351382A2-840A-4422-8A87-12C8D55B44A2}"
EndProject
Global
	GlobalSection(SolutionConfigurationPlatforms) = preSolution
		Debug|Any CPU = Debug|Any CPU
		Release|Any CPU = Release|Any CPU
	EndGlobalSection
	GlobalSection(ProjectConfigurationPlatforms) = postSolution
		{351382A2-840A-4422-8A87-12C8D55B44A2}.Debug|Any CPU.ActiveCfg = Debug|Any CPU
		{351382A2-840A-4422-8A87-12C8D55B44A2}.Debug|Any CPU.Build.0 = Debug|Any CPU
		{351382A2-840A-4422-8A87-12C8D55B44A2}.Release|Any CPU.ActiveCfg = Release|Any CPU
		{351382A2-840A-4422-8A87-12C8D55B44A2}.Release|Any CPU.Build.0 = Release|Any CPU
	EndGlobalSection
	GlobalSection(SolutionProperties) = preSolution
		HideSolutionNode = FALSE
	EndGlobalSection
	GlobalSection(ExtensibilityGlobals) = postSolution
		SolutionGuid = {17CA0E54-7B29-47E2-8553-AEDA05E32B79}
	EndGlobalSection
EndGlobal
